
Microsoft Visual Studio Solution File, Format Version 12.00
Project("{FAE04EC0-301F-11D3-BF4B-00C04F79EFBC}") = "AAAA", "AAAA.csproj", "{77AF2B51-7B0E-46FA-92F1-DCB6F48CD1E1}"
EndProject
Global
	GlobalSection(SolutionConfigurationPlatforms) = preSolution
		Debug|Any CPU = Debug|Any CPU
		Release|Any CPU = Release|Any CPU
	EndGlobalSection
	GlobalSection(ProjectConfigurationPlatforms) = postSolution
		{77AF2B51-7B0E-46FA-92F1-DCB6F48CD1E1}.Debug|Any CPU.ActiveCfg = Debug|Any CPU
		{77AF2B51-7B0E-46FA-92F1-DCB6F48CD1E1}.Debug|Any CPU.Build.0 = Debug|Any CPU
		{77AF2B51-7B0E-46FA-92F1-DCB6F48CD1E1}.Release|Any CPU.ActiveCfg = Release|Any CPU
		{77AF2B51-7B0E-46FA-92F1-DCB6F48CD1E1}.Release|Any CPU.Build.0 = Release|Any CPU
	EndGlobalSection
EndGlobal
